
Microsoft Visual Studio Solution File, Format Version 12.00
# Visual Studio Version 17
VisualStudioVersion = 17.5.002.0
MinimumVisualStudioVersion = 10.0.40219.1
Project("{9A19103F-16F7-4668-BE54-9A1E7A4F7556}") = "PetAdoptionApplication", "PetAdoptionApplication.csproj", "{2B710E78-C43A-49B1-8C20-6A0E6E023707}"
EndProject
Global
	GlobalSection(SolutionConfigurationPlatforms) = preSolution
		Debug|Any CPU = Debug|Any CPU
		Release|Any CPU = Release|Any CPU
	EndGlobalSection
	GlobalSection(ProjectConfigurationPlatforms) = postSolution
		{2B710E78-C43A-49B1-8C20-6A0E6E023707}.Debug|Any CPU.ActiveCfg = Debug|Any CPU
		{2B710E78-C43A-49B1-8C20-6A0E6E023707}.Debug|Any CPU.Build.0 = Debug|Any CPU
		{2B710E78-C43A-49B1-8C20-6A0E6E023707}.Release|Any CPU.ActiveCfg = Release|Any CPU
		{2B710E78-C43A-49B1-8C20-6A0E6E023707}.Release|Any CPU.Build.0 = Release|Any CPU
	EndGlobalSection
	GlobalSection(SolutionProperties) = preSolution
		HideSolutionNode = FALSE
	EndGlobalSection
	GlobalSection(ExtensibilityGlobals) = postSolution
		SolutionGuid = {ACE209C7-EC58-4D59-A8E8-7CA37CDA5B88}
	EndGlobalSection
EndGlobal
